// !$*UTF8*$!
{
	archiveVersion = 1;
	classes = {
	};
	objectVersion = 77;
	objects = {

/* Begin PBXBuildFile section */
		0658366F3E38C33129969796 /* PreferencesView.swift in Sources */ = {isa = PBXBuildFile; fileRef = 8E6B2F07D688BF18283F6AA1 /* PreferencesView.swift */; };
		0A1E80DAEF255D7C271FE131 /* HiveManagerTests.swift in Sources */ = {isa = PBXBuildFile; fileRef = F6E7EAE08E5E5ACE47882927 /* HiveManagerTests.swift */; };
		25938C1B7593892246D0F0C2 /* HiveManager.swift in Sources */ = {isa = PBXBuildFile; fileRef = 6C9955572BF1488620BBC9E1 /* HiveManager.swift */; };
		265233796B3E5F2ACFBF7199 /* BeeApp.swift in Sources */ = {isa = PBXBuildFile; fileRef = 4D1F517A85A10F32B7579853 /* BeeApp.swift */; };
		2663F3313067803286623A34 /* BeeRunnerTests.swift in Sources */ = {isa = PBXBuildFile; fileRef = 38BFE96F717EB603464D7283 /* BeeRunnerTests.swift */; };
		2A3E0990D05ABE97DBE5490D /* SchedulerTests.swift in Sources */ = {isa = PBXBuildFile; fileRef = 9DB653279E80BC3611871688 /* SchedulerTests.swift */; };
		2AA19CC47634501027002462 /* TestHelpers.swift in Sources */ = {isa = PBXBuildFile; fileRef = 28B33F89B533D16BE63C878E /* TestHelpers.swift */; };
		2E6CA933000B9C73C375DC49 /* BeeRunner.swift in Sources */ = {isa = PBXBuildFile; fileRef = 8C8EC38B9887A48C8830A9A1 /* BeeRunner.swift */; };
		3E285B4282E409F81B08C816 /* NotificationManager.swift in Sources */ = {isa = PBXBuildFile; fileRef = 32B1656C27F2992D391274ED /* NotificationManager.swift */; };
		6014A32D8A9292B7E01D0503 /* CronParserTests.swift in Sources */ = {isa = PBXBuildFile; fileRef = 137CFAC814F2BBD7B9CA278A /* CronParserTests.swift */; };
		7CE09FC196E8DA50A7F3C60B /* Scheduler.swift in Sources */ = {isa = PBXBuildFile; fileRef = FC189921973D9EE8DD8EA06A /* Scheduler.swift */; };
		876725A8C352FBD652C3293E /* ConfirmServer.swift in Sources */ = {isa = PBXBuildFile; fileRef = 128B8B58B1ED5B74478A1B7A /* ConfirmServer.swift */; };
		96B71B74CD52E055672BEB5D /* MenuBarView.swift in Sources */ = {isa = PBXBuildFile; fileRef = 91286474DD850C7AD6953513 /* MenuBarView.swift */; };
		C70DB5E69048E2130C33C2EF /* CronParser.swift in Sources */ = {isa = PBXBuildFile; fileRef = 669409F384B30B441B9D8CE0 /* CronParser.swift */; };
		CBC9AEFD41369C3A36B037C0 /* ConfirmServerTests.swift in Sources */ = {isa = PBXBuildFile; fileRef = 3289261FE1F06626DF997EF3 /* ConfirmServerTests.swift */; };
/* End PBXBuildFile section */

/* Begin PBXContainerItemProxy section */
		C2324339C0C67CA5810DBFA6 /* PBXContainerItemProxy */ = {
			isa = PBXContainerItemProxy;
			containerPortal = 21F5F050BC5B4D1D67B5F3D9 /* Project object */;
			proxyType = 1;
			remoteGlobalIDString = 2A2159AF4026CBE49B8B40CB;
			remoteInfo = Bee;
		};
/* End PBXContainerItemProxy section */

/* Begin PBXFileReference section */
		128B8B58B1ED5B74478A1B7A /* ConfirmServer.swift */ = {isa = PBXFileReference; lastKnownFileType = sourcecode.swift; path = ConfirmServer.swift; sourceTree = "<group>"; };
		137CFAC814F2BBD7B9CA278A /* CronParserTests.swift */ = {isa = PBXFileReference; lastKnownFileType = sourcecode.swift; path = CronParserTests.swift; sourceTree = "<group>"; };
		28B33F89B533D16BE63C878E /* TestHelpers.swift */ = {isa = PBXFileReference; lastKnownFileType = sourcecode.swift; path = TestHelpers.swift; sourceTree = "<group>"; };
		3289261FE1F06626DF997EF3 /* ConfirmServerTests.swift */ = {isa = PBXFileReference; lastKnownFileType = sourcecode.swift; path = ConfirmServerTests.swift; sourceTree = "<group>"; };
		32B1656C27F2992D391274ED /* NotificationManager.swift */ = {isa = PBXFileReference; lastKnownFileType = sourcecode.swift; path = NotificationManager.swift; sourceTree = "<group>"; };
		38BFE96F717EB603464D7283 /* BeeRunnerTests.swift */ = {isa = PBXFileReference; lastKnownFileType = sourcecode.swift; path = BeeRunnerTests.swift; sourceTree = "<group>"; };
		4D1F517A85A10F32B7579853 /* BeeApp.swift */ = {isa = PBXFileReference; lastKnownFileType = sourcecode.swift; path = BeeApp.swift; sourceTree = "<group>"; };
		57CFBAA25DED27D78E28B052 /* BeeTests.xctest */ = {isa = PBXFileReference; explicitFileType = wrapper.cfbundle; includeInIndex = 0; path = BeeTests.xctest; sourceTree = BUILT_PRODUCTS_DIR; };
		669409F384B30B441B9D8CE0 /* CronParser.swift */ = {isa = PBXFileReference; lastKnownFileType = sourcecode.swift; path = CronParser.swift; sourceTree = "<group>"; };
		6C9955572BF1488620BBC9E1 /* HiveManager.swift */ = {isa = PBXFileReference; lastKnownFileType = sourcecode.swift; path = HiveManager.swift; sourceTree = "<group>"; };
		8C8EC38B9887A48C8830A9A1 /* BeeRunner.swift */ = {isa = PBXFileReference; lastKnownFileType = sourcecode.swift; path = BeeRunner.swift; sourceTree = "<group>"; };
		8E6B2F07D688BF18283F6AA1 /* PreferencesView.swift */ = {isa = PBXFileReference; lastKnownFileType = sourcecode.swift; path = PreferencesView.swift; sourceTree = "<group>"; };
		91286474DD850C7AD6953513 /* MenuBarView.swift */ = {isa = PBXFileReference; lastKnownFileType = sourcecode.swift; path = MenuBarView.swift; sourceTree = "<group>"; };
		9DB653279E80BC3611871688 /* SchedulerTests.swift */ = {isa = PBXFileReference; lastKnownFileType = sourcecode.swift; path = SchedulerTests.swift; sourceTree = "<group>"; };
		A71F9000D2B9DC13ED5FBF02 /* Bee.entitlements */ = {isa = PBXFileReference; lastKnownFileType = text.plist.entitlements; path = Bee.entitlements; sourceTree = "<group>"; };
		E1C142D3C145A53FE57D2CF2 /* Bee.app */ = {isa = PBXFileReference; explicitFileType = wrapper.application; includeInIndex = 0; path = Bee.app; sourceTree = BUILT_PRODUCTS_DIR; };
		F6E7EAE08E5E5ACE47882927 /* HiveManagerTests.swift */ = {isa = PBXFileReference; lastKnownFileType = sourcecode.swift; path = HiveManagerTests.swift; sourceTree = "<group>"; };
		FC189921973D9EE8DD8EA06A /* Scheduler.swift */ = {isa = PBXFileReference; lastKnownFileType = sourcecode.swift; path = Scheduler.swift; sourceTree = "<group>"; };
/* End PBXFileReference section */

/* Begin PBXGroup section */
		2F2D7CFEA3D67707B4921133 /* Bee */ = {
			isa = PBXGroup;
			children = (
				A71F9000D2B9DC13ED5FBF02 /* Bee.entitlements */,
				4D1F517A85A10F32B7579853 /* BeeApp.swift */,
				8C8EC38B9887A48C8830A9A1 /* BeeRunner.swift */,
				128B8B58B1ED5B74478A1B7A /* ConfirmServer.swift */,
				669409F384B30B441B9D8CE0 /* CronParser.swift */,
				6C9955572BF1488620BBC9E1 /* HiveManager.swift */,
				91286474DD850C7AD6953513 /* MenuBarView.swift */,
				32B1656C27F2992D391274ED /* NotificationManager.swift */,
				8E6B2F07D688BF18283F6AA1 /* PreferencesView.swift */,
				FC189921973D9EE8DD8EA06A /* Scheduler.swift */,
			);
			path = Bee;
			sourceTree = "<group>";
		};
		320ABC567548CACE392F1ACC = {
			isa = PBXGroup;
			children = (
				2F2D7CFEA3D67707B4921133 /* Bee */,
				C3CC4091040F09916F42D293 /* BeeTests */,
				F93257EEC47AFFCCF999C132 /* Products */,
			);
			sourceTree = "<group>";
		};
		C3CC4091040F09916F42D293 /* BeeTests */ = {
			isa = PBXGroup;
			children = (
				38BFE96F717EB603464D7283 /* BeeRunnerTests.swift */,
				3289261FE1F06626DF997EF3 /* ConfirmServerTests.swift */,
				137CFAC814F2BBD7B9CA278A /* CronParserTests.swift */,
				F6E7EAE08E5E5ACE47882927 /* HiveManagerTests.swift */,
				9DB653279E80BC3611871688 /* SchedulerTests.swift */,
				28B33F89B533D16BE63C878E /* TestHelpers.swift */,
			);
			path = BeeTests;
			sourceTree = "<group>";
		};
		F93257EEC47AFFCCF999C132 /* Products */ = {
			isa = PBXGroup;
			children = (
				E1C142D3C145A53FE57D2CF2 /* Bee.app */,
				57CFBAA25DED27D78E28B052 /* BeeTests.xctest */,
			);
			name = Products;
			sourceTree = "<group>";
		};
/* End PBXGroup section */

/* Begin PBXNativeTarget section */
		2A2159AF4026CBE49B8B40CB /* Bee */ = {
			isa = PBXNativeTarget;
			buildConfigurationList = 3D9D178BE422ACB55AB1F852 /* Build configuration list for PBXNativeTarget "Bee" */;
			buildPhases = (
				01DB00263BD855B841C94665 /* Sources */,
			);
			buildRules = (
			);
			dependencies = (
			);
			name = Bee;
			packageProductDependencies = (
			);
			productName = Bee;
			productReference = E1C142D3C145A53FE57D2CF2 /* Bee.app */;
			productType = "com.apple.product-type.application";
		};
		9D2C0B98FED8057AB7F4E5FB /* BeeTests */ = {
			isa = PBXNativeTarget;
			buildConfigurationList = 3D9195DBABC278689DE4F119 /* Build configuration list for PBXNativeTarget "BeeTests" */;
			buildPhases = (
				083451636D9BA50945846C2D /* Sources */,
			);
			buildRules = (
			);
			dependencies = (
				AD4106C7FB5DC61B71989BCE /* PBXTargetDependency */,
			);
			name = BeeTests;
			packageProductDependencies = (
			);
			productName = BeeTests;
			productReference = 57CFBAA25DED27D78E28B052 /* BeeTests.xctest */;
			productType = "com.apple.product-type.bundle.unit-test";
		};
/* End PBXNativeTarget section */

/* Begin PBXProject section */
		21F5F050BC5B4D1D67B5F3D9 /* Project object */ = {
			isa = PBXProject;
			attributes = {
				BuildIndependentTargetsInParallel = YES;
				LastUpgradeCheck = 1600;
				TargetAttributes = {
					2A2159AF4026CBE49B8B40CB = {
						ProvisioningStyle = Automatic;
					};
				};
			};
			buildConfigurationList = F9A6A6F68B4069480BCE8C4F /* Build configuration list for PBXProject "Bee" */;
			compatibilityVersion = "Xcode 14.0";
			developmentRegion = en;
			hasScannedForEncodings = 0;
			knownRegions = (
				Base,
				en,
			);
			mainGroup = 320ABC567548CACE392F1ACC;
			minimizedProjectReferenceProxies = 1;
			preferredProjectObjectVersion = 77;
			projectDirPath = "";
			projectRoot = "";
			targets = (
				2A2159AF4026CBE49B8B40CB /* Bee */,
				9D2C0B98FED8057AB7F4E5FB /* BeeTests */,
			);
		};
/* End PBXProject section */

/* Begin PBXSourcesBuildPhase section */
		01DB00263BD855B841C94665 /* Sources */ = {
			isa = PBXSourcesBuildPhase;
			buildActionMask = 2147483647;
			files = (
				265233796B3E5F2ACFBF7199 /* BeeApp.swift in Sources */,
				2E6CA933000B9C73C375DC49 /* BeeRunner.swift in Sources */,
				876725A8C352FBD652C3293E /* ConfirmServer.swift in Sources */,
				C70DB5E69048E2130C33C2EF /* CronParser.swift in Sources */,
				25938C1B7593892246D0F0C2 /* HiveManager.swift in Sources */,
				96B71B74CD52E055672BEB5D /* MenuBarView.swift in Sources */,
				3E285B4282E409F81B08C816 /* NotificationManager.swift in Sources */,
				0658366F3E38C33129969796 /* PreferencesView.swift in Sources */,
				7CE09FC196E8DA50A7F3C60B /* Scheduler.swift in Sources */,
			);
			runOnlyForDeploymentPostprocessing = 0;
		};
		083451636D9BA50945846C2D /* Sources */ = {
			isa = PBXSourcesBuildPhase;
			buildActionMask = 2147483647;
			files = (
				2663F3313067803286623A34 /* BeeRunnerTests.swift in Sources */,
				CBC9AEFD41369C3A36B037C0 /* ConfirmServerTests.swift in Sources */,
				6014A32D8A9292B7E01D0503 /* CronParserTests.swift in Sources */,
				0A1E80DAEF255D7C271FE131 /* HiveManagerTests.swift in Sources */,
				2A3E0990D05ABE97DBE5490D /* SchedulerTests.swift in Sources */,
				2AA19CC47634501027002462 /* TestHelpers.swift in Sources */,
			);
			runOnlyForDeploymentPostprocessing = 0;
		};
/* End PBXSourcesBuildPhase section */

/* Begin PBXTargetDependency section */
		AD4106C7FB5DC61B71989BCE /* PBXTargetDependency */ = {
			isa = PBXTargetDependency;
			target = 2A2159AF4026CBE49B8B40CB /* Bee */;
			targetProxy = C2324339C0C67CA5810DBFA6 /* PBXContainerItemProxy */;
		};
/* End PBXTargetDependency section */

/* Begin XCBuildConfiguration section */
		01C8871F72F31E9A20B7014A /* Debug */ = {
			isa = XCBuildConfiguration;
			buildSettings = {
				BUNDLE_LOADER = "$(TEST_HOST)";
				COMBINE_HIDPI_IMAGES = YES;
				GENERATE_INFOPLIST_FILE = YES;
				LD_RUNPATH_SEARCH_PATHS = (
					"$(inherited)",
					"@executable_path/../Frameworks",
					"@loader_path/../Frameworks",
				);
				PRODUCT_BUNDLE_IDENTIFIER = com.bee.BeeTests;
				SDKROOT = macosx;
				TEST_HOST = "$(BUILT_PRODUCTS_DIR)/Bee.app/Contents/MacOS/Bee";
			};
			name = Debug;
		};
		1CEA7BDC4BCAD5F51963EDCD /* Debug */ = {
			isa = XCBuildConfiguration;
			buildSettings = {
				ALWAYS_SEARCH_USER_PATHS = NO;
				CLANG_ANALYZER_NONNULL = YES;
				CLANG_ANALYZER_NUMBER_OBJECT_CONVERSION = YES_AGGRESSIVE;
				CLANG_CXX_LANGUAGE_STANDARD = "gnu++14";
				CLANG_CXX_LIBRARY = "libc++";
				CLANG_ENABLE_MODULES = YES;
				CLANG_ENABLE_OBJC_ARC = YES;
				CLANG_ENABLE_OBJC_WEAK = YES;
				CLANG_WARN_BLOCK_CAPTURE_AUTORELEASING = YES;
				CLANG_WARN_BOOL_CONVERSION = YES;
				CLANG_WARN_COMMA = YES;
				CLANG_WARN_CONSTANT_CONVERSION = YES;
				CLANG_WARN_DEPRECATED_OBJC_IMPLEMENTATIONS = YES;
				CLANG_WARN_DIRECT_OBJC_ISA_USAGE = YES_ERROR;
				CLANG_WARN_DOCUMENTATION_COMMENTS = YES;
				CLANG_WARN_EMPTY_BODY = YES;
				CLANG_WARN_ENUM_CONVERSION = YES;
				CLANG_WARN_INFINITE_RECURSION = YES;
				CLANG_WARN_INT_CONVERSION = YES;
				CLANG_WARN_NON_LITERAL_NULL_CONVERSION = YES;
				CLANG_WARN_OBJC_IMPLICIT_RETAIN_SELF = YES;
				CLANG_WARN_OBJC_LITERAL_CONVERSION = YES;
				CLANG_WARN_OBJC_ROOT_CLASS = YES_ERROR;
				CLANG_WARN_QUOTED_INCLUDE_IN_FRAMEWORK_HEADER = YES;
				CLANG_WARN_RANGE_LOOP_ANALYSIS = YES;
				CLANG_WARN_STRICT_PROTOTYPES = YES;
				CLANG_WARN_SUSPICIOUS_MOVE = YES;
				CLANG_WARN_UNGUARDED_AVAILABILITY = YES_AGGRESSIVE;
				CLANG_WARN_UNREACHABLE_CODE = YES;
				CLANG_WARN__DUPLICATE_METHOD_MATCH = YES;
				COPY_PHASE_STRIP = NO;
				CURRENT_PROJECT_VERSION = 1;
				DEBUG_INFORMATION_FORMAT = dwarf;
				ENABLE_STRICT_OBJC_MSGSEND = YES;
				ENABLE_TESTABILITY = YES;
				GCC_C_LANGUAGE_STANDARD = gnu11;
				GCC_DYNAMIC_NO_PIC = NO;
				GCC_NO_COMMON_BLOCKS = YES;
				GCC_OPTIMIZATION_LEVEL = 0;
				GCC_PREPROCESSOR_DEFINITIONS = (
					"$(inherited)",
					"DEBUG=1",
				);
				GCC_WARN_64_TO_32_BIT_CONVERSION = YES;
				GCC_WARN_ABOUT_RETURN_TYPE = YES_ERROR;
				GCC_WARN_UNDECLARED_SELECTOR = YES;
				GCC_WARN_UNINITIALIZED_AUTOS = YES_AGGRESSIVE;
				GCC_WARN_UNUSED_FUNCTION = YES;
				GCC_WARN_UNUSED_VARIABLE = YES;
				MACOSX_DEPLOYMENT_TARGET = 14.0;
				MARKETING_VERSION = 0.1.0;
				MTL_ENABLE_DEBUG_INFO = INCLUDE_SOURCE;
				MTL_FAST_MATH = YES;
				ONLY_ACTIVE_ARCH = YES;
				PRODUCT_NAME = "$(TARGET_NAME)";
				SDKROOT = macosx;
				SWIFT_ACTIVE_COMPILATION_CONDITIONS = DEBUG;
				SWIFT_OPTIMIZATION_LEVEL = "-Onone";
				SWIFT_VERSION = 5.9;
			};
			name = Debug;
		};
		599ADA664516C558A61334CB /* Release */ = {
			isa = XCBuildConfiguration;
			buildSettings = {
				BUNDLE_LOADER = "$(TEST_HOST)";
				COMBINE_HIDPI_IMAGES = YES;
				GENERATE_INFOPLIST_FILE = YES;
				LD_RUNPATH_SEARCH_PATHS = (
					"$(inherited)",
					"@executable_path/../Frameworks",
					"@loader_path/../Frameworks",
				);
				PRODUCT_BUNDLE_IDENTIFIER = com.bee.BeeTests;
				SDKROOT = macosx;
				TEST_HOST = "$(BUILT_PRODUCTS_DIR)/Bee.app/Contents/MacOS/Bee";
			};
			name = Release;
		};
		67DEE2384D2B32DFB835462D /* Release */ = {
			isa = XCBuildConfiguration;
			buildSettings = {
				ALWAYS_SEARCH_USER_PATHS = NO;
				CLANG_ANALYZER_NONNULL = YES;
				CLANG_ANALYZER_NUMBER_OBJECT_CONVERSION = YES_AGGRESSIVE;
				CLANG_CXX_LANGUAGE_STANDARD = "gnu++14";
				CLANG_CXX_LIBRARY = "libc++";
				CLANG_ENABLE_MODULES = YES;
				CLANG_ENABLE_OBJC_ARC = YES;
				CLANG_ENABLE_OBJC_WEAK = YES;
				CLANG_WARN_BLOCK_CAPTURE_AUTORELEASING = YES;
				CLANG_WARN_BOOL_CONVERSION = YES;
				CLANG_WARN_COMMA = YES;
				CLANG_WARN_CONSTANT_CONVERSION = YES;
				CLANG_WARN_DEPRECATED_OBJC_IMPLEMENTATIONS = YES;
				CLANG_WARN_DIRECT_OBJC_ISA_USAGE = YES_ERROR;
				CLANG_WARN_DOCUMENTATION_COMMENTS = YES;
				CLANG_WARN_EMPTY_BODY = YES;
				CLANG_WARN_ENUM_CONVERSION = YES;
				CLANG_WARN_INFINITE_RECURSION = YES;
				CLANG_WARN_INT_CONVERSION = YES;
				CLANG_WARN_NON_LITERAL_NULL_CONVERSION = YES;
				CLANG_WARN_OBJC_IMPLICIT_RETAIN_SELF = YES;
				CLANG_WARN_OBJC_LITERAL_CONVERSION = YES;
				CLANG_WARN_OBJC_ROOT_CLASS = YES_ERROR;
				CLANG_WARN_QUOTED_INCLUDE_IN_FRAMEWORK_HEADER = YES;
				CLANG_WARN_RANGE_LOOP_ANALYSIS = YES;
				CLANG_WARN_STRICT_PROTOTYPES = YES;
				CLANG_WARN_SUSPICIOUS_MOVE = YES;
				CLANG_WARN_UNGUARDED_AVAILABILITY = YES_AGGRESSIVE;
				CLANG_WARN_UNREACHABLE_CODE = YES;
				CLANG_WARN__DUPLICATE_METHOD_MATCH = YES;
				COPY_PHASE_STRIP = NO;
				CURRENT_PROJECT_VERSION = 1;
				DEBUG_INFORMATION_FORMAT = "dwarf-with-dsym";
				ENABLE_NS_ASSERTIONS = NO;
				ENABLE_STRICT_OBJC_MSGSEND = YES;
				GCC_C_LANGUAGE_STANDARD = gnu11;
				GCC_NO_COMMON_BLOCKS = YES;
				GCC_WARN_64_TO_32_BIT_CONVERSION = YES;
				GCC_WARN_ABOUT_RETURN_TYPE = YES_ERROR;
				GCC_WARN_UNDECLARED_SELECTOR = YES;
				GCC_WARN_UNINITIALIZED_AUTOS = YES_AGGRESSIVE;
				GCC_WARN_UNUSED_FUNCTION = YES;
				GCC_WARN_UNUSED_VARIABLE = YES;
				MACOSX_DEPLOYMENT_TARGET = 14.0;
				MARKETING_VERSION = 0.1.0;
				MTL_ENABLE_DEBUG_INFO = NO;
				MTL_FAST_MATH = YES;
				PRODUCT_NAME = "$(TARGET_NAME)";
				SDKROOT = macosx;
				SWIFT_COMPILATION_MODE = wholemodule;
				SWIFT_OPTIMIZATION_LEVEL = "-O";
				SWIFT_VERSION = 5.9;
			};
			name = Release;
		};
		B5059736EBAB3C61930E064A /* Release */ = {
			isa = XCBuildConfiguration;
			buildSettings = {
				ASSETCATALOG_COMPILER_APPICON_NAME = AppIcon;
				CODE_SIGN_ENTITLEMENTS = Bee/Bee.entitlements;
				CODE_SIGN_STYLE = Automatic;
				COMBINE_HIDPI_IMAGES = YES;
				ENABLE_HARDENED_RUNTIME = NO;
				GENERATE_INFOPLIST_FILE = YES;
				INFOPLIST_KEY_LSUIElement = YES;
				INFOPLIST_KEY_NSHumanReadableCopyright = "Copyright © 2026";
				LD_RUNPATH_SEARCH_PATHS = (
					"$(inherited)",
					"@executable_path/../Frameworks",
				);
				PRODUCT_BUNDLE_IDENTIFIER = com.bee.app;
				SDKROOT = macosx;
			};
			name = Release;
		};
		CCE0A8A3A58C1AF63B0341C9 /* Debug */ = {
			isa = XCBuildConfiguration;
			buildSettings = {
				ASSETCATALOG_COMPILER_APPICON_NAME = AppIcon;
				CODE_SIGN_ENTITLEMENTS = Bee/Bee.entitlements;
				CODE_SIGN_STYLE = Automatic;
				COMBINE_HIDPI_IMAGES = YES;
				ENABLE_HARDENED_RUNTIME = NO;
				GENERATE_INFOPLIST_FILE = YES;
				INFOPLIST_KEY_LSUIElement = YES;
				INFOPLIST_KEY_NSHumanReadableCopyright = "Copyright © 2026";
				LD_RUNPATH_SEARCH_PATHS = (
					"$(inherited)",
					"@executable_path/../Frameworks",
				);
				PRODUCT_BUNDLE_IDENTIFIER = com.bee.app;
				SDKROOT = macosx;
			};
			name = Debug;
		};
/* End XCBuildConfiguration section */

/* Begin XCConfigurationList section */
		3D9195DBABC278689DE4F119 /* Build configuration list for PBXNativeTarget "BeeTests" */ = {
			isa = XCConfigurationList;
			buildConfigurations = (
				01C8871F72F31E9A20B7014A /* Debug */,
				599ADA664516C558A61334CB /* Release */,
			);
			defaultConfigurationIsVisible = 0;
			defaultConfigurationName = Debug;
		};
		3D9D178BE422ACB55AB1F852 /* Build configuration list for PBXNativeTarget "Bee" */ = {
			isa = XCConfigurationList;
			buildConfigurations = (
				CCE0A8A3A58C1AF63B0341C9 /* Debug */,
				B5059736EBAB3C61930E064A /* Release */,
			);
			defaultConfigurationIsVisible = 0;
			defaultConfigurationName = Debug;
		};
		F9A6A6F68B4069480BCE8C4F /* Build configuration list for PBXProject "Bee" */ = {
			isa = XCConfigurationList;
			buildConfigurations = (
				1CEA7BDC4BCAD5F51963EDCD /* Debug */,
				67DEE2384D2B32DFB835462D /* Release */,
			);
			defaultConfigurationIsVisible = 0;
			defaultConfigurationName = Debug;
		};
/* End XCConfigurationList section */
	};
	rootObject = 21F5F050BC5B4D1D67B5F3D9 /* Project object */;
}
